
Microsoft Visual Studio Solution File, Format Version 12.00
# Visual Studio Version 17
VisualStudioVersion = 17.0.31903.59
MinimumVisualStudioVersion = 10.0.40219.1
Project("{2150E333-8FDC-42A3-9474-1A3956D46DE8}") = "src", "src", "{827E0CD3-B72D-47B6-A68D-7590B98EB39B}"
EndProject
Project("{FAE04EC0-301F-11D3-BF4B-00C04F79EFBC}") = "Quarry.Domain", "src\Quarry.Domain\Quarry.Domain.csproj", "{F5E766DB-42AE-4C27-9F35-95DAD45544C0}"
EndProject
Project("{FAE04EC0-301F-11D3-BF4B-00C04F79EFBC}") = "Quarry.Application", "src\Quarry.Application\Quarry.Application.csproj", "{15AFB51C-C4FF-4499-97D4-19C93DDBF241}"
EndProject
Project("{FAE04EC0-301F-11D3-BF4B-00C04F79EFBC}") = "Quarry.Infrastructure", "src\Quarry.Infrastructure\Quarry.Infrastructure.csproj", "{3D144007-2D54-4211-B0AE-8AA9ADB0011C}"
EndProject
Project("{FAE04EC0-301F-11D3-BF4B-00C04F79EFBC}") = "Quarry.Api", "src\Quarry.Api\Quarry.Api.csproj", "{446E4EDC-AFAC-4D6D-A021-048A4B925C1B}"
EndProject
Project("{FAE04EC0-301F-11D3-BF4B-00C04F79EFBC}") = "Quarry.Indexing.Worker", "src\Quarry.Indexing.Worker\Quarry.Indexing.Worker.csproj", "{36656EDF-4D54-43A3-A2B8-38A2A0CC8563}"
EndProject
Project("{2150E333-8FDC-42A3-9474-1A3956D46DE8}") = "tests", "tests", "{0AB3BF05-4346-4AA6-1389-037BE0695223}"
EndProject
Project("{FAE04EC0-301F-11D3-BF4B-00C04F79EFBC}") = "Quarry.Api.AcceptanceTests", "tests\Quarry.Api.AcceptanceTests\Quarry.Api.AcceptanceTests.csproj", "{BD9E7E25-D9DB-4C01-8402-09EE0E92C468}"
EndProject
Global
	GlobalSection(SolutionConfigurationPlatforms) = preSolution
		Debug|Any CPU = Debug|Any CPU
		Debug|x64 = Debug|x64
		Debug|x86 = Debug|x86
		Release|Any CPU = Release|Any CPU
		Release|x64 = Release|x64
		Release|x86 = Release|x86
	EndGlobalSection
	GlobalSection(ProjectConfigurationPlatforms) = postSolution
		{F5E766DB-42AE-4C27-9F35-95DAD45544C0}.Debug|Any CPU.ActiveCfg = Debug|Any CPU
		{F5E766DB-42AE-4C27-9F35-95DAD45544C0}.Debug|Any CPU.Build.0 = Debug|Any CPU
		{F5E766DB-42AE-4C27-9F35-95DAD45544C0}.Debug|x64.ActiveCfg = Debug|Any CPU
		{F5E766DB-42AE-4C27-9F35-95DAD45544C0}.Debug|x64.Build.0 = Debug|Any CPU
		{F5E766DB-42AE-4C27-9F35-95DAD45544C0}.Debug|x86.ActiveCfg = Debug|Any CPU
		{F5E766DB-42AE-4C27-9F35-95DAD45544C0}.Debug|x86.Build.0 = Debug|Any CPU
		{F5E766DB-42AE-4C27-9F35-95DAD45544C0}.Release|Any CPU.ActiveCfg = Release|Any CPU
		{F5E766DB-42AE-4C27-9F35-95DAD45544C0}.Release|Any CPU.Build.0 = Release|Any CPU
		{F5E766DB-42AE-4C27-9F35-95DAD45544C0}.Release|x64.ActiveCfg = Release|Any CPU
		{F5E766DB-42AE-4C27-9F35-95DAD45544C0}.Release|x64.Build.0 = Release|Any CPU
		{F5E766DB-42AE-4C27-9F35-95DAD45544C0}.Release|x86.ActiveCfg = Release|Any CPU
		{F5E766DB-42AE-4C27-9F35-95DAD45544C0}.Release|x86.Build.0 = Release|Any CPU
		{15AFB51C-C4FF-4499-97D4-19C93DDBF241}.Debug|Any CPU.ActiveCfg = Debug|Any CPU
		{15AFB51C-C4FF-4499-97D4-19C93DDBF241}.Debug|Any CPU.Build.0 = Debug|Any CPU
		{15AFB51C-C4FF-4499-97D4-19C93DDBF241}.Debug|x64.ActiveCfg = Debug|Any CPU
		{15AFB51C-C4FF-4499-97D4-19C93DDBF241}.Debug|x64.Build.0 = Debug|Any CPU
		{15AFB51C-C4FF-4499-97D4-19C93DDBF241}.Debug|x86.ActiveCfg = Debug|Any CPU
		{15AFB51C-C4FF-4499-97D4-19C93DDBF241}.Debug|x86.Build.0 = Debug|Any CPU
		{15AFB51C-C4FF-4499-97D4-19C93DDBF241}.Release|Any CPU.ActiveCfg = Release|Any CPU
		{15AFB51C-C4FF-4499-97D4-19C93DDBF241}.Release|Any CPU.Build.0 = Release|Any CPU
		{15AFB51C-C4FF-4499-97D4-19C93DDBF241}.Release|x64.ActiveCfg = Release|Any CPU
		{15AFB51C-C4FF-4499-97D4-19C93DDBF241}.Release|x64.Build.0 = Release|Any CPU
		{15AFB51C-C4FF-4499-97D4-19C93DDBF241}.Release|x86.ActiveCfg = Release|Any CPU
		{15AFB51C-C4FF-4499-97D4-19C93DDBF241}.Release|x86.Build.0 = Release|Any CPU
		{3D144007-2D54-4211-B0AE-8AA9ADB0011C}.Debug|Any CPU.ActiveCfg = Debug|Any CPU
		{3D144007-2D54-4211-B0AE-8AA9ADB0011C}.Debug|Any CPU.Build.0 = Debug|Any CPU
		{3D144007-2D54-4211-B0AE-8AA9ADB0011C}.Debug|x64.ActiveCfg = Debug|Any CPU
		{3D144007-2D54-4211-B0AE-8AA9ADB0011C}.Debug|x64.Build.0 = Debug|Any CPU
		{3D144007-2D54-4211-B0AE-8AA9ADB0011C}.Debug|x86.ActiveCfg = Debug|Any CPU
		{3D144007-2D54-4211-B0AE-8AA9ADB0011C}.Debug|x86.Build.0 = Debug|Any CPU
		{3D144007-2D54-4211-B0AE-8AA9ADB0011C}.Release|Any CPU.ActiveCfg = Release|Any CPU
		{3D144007-2D54-4211-B0AE-8AA9ADB0011C}.Release|Any CPU.Build.0 = Release|Any CPU
		{3D144007-2D54-4211-B0AE-8AA9ADB0011C}.Release|x64.ActiveCfg = Release|Any CPU
		{3D144007-2D54-4211-B0AE-8AA9ADB0011C}.Release|x64.Build.0 = Release|Any CPU
		{3D144007-2D54-4211-B0AE-8AA9ADB0011C}.Release|x86.ActiveCfg = Release|Any CPU
		{3D144007-2D54-4211-B0AE-8AA9ADB0011C}.Release|x86.Build.0 = Release|Any CPU
		{446E4EDC-AFAC-4D6D-A021-048A4B925C1B}.Debug|Any CPU.ActiveCfg = Debug|Any CPU
		{446E4EDC-AFAC-4D6D-A021-048A4B925C1B}.Debug|Any CPU.Build.0 = Debug|Any CPU
		{446E4EDC-AFAC-4D6D-A021-048A4B925C1B}.Debug|x64.ActiveCfg = Debug|Any CPU
		{446E4EDC-AFAC-4D6D-A021-048A4B925C1B}.Debug|x64.Build.0 = Debug|Any CPU
		{446E4EDC-AFAC-4D6D-A021-048A4B925C1B}.Debug|x86.ActiveCfg = Debug|Any CPU
		{446E4EDC-AFAC-4D6D-A021-048A4B925C1B}.Debug|x86.Build.0 = Debug|Any CPU
		{446E4EDC-AFAC-4D6D-A021-048A4B925C1B}.Release|Any CPU.ActiveCfg = Release|Any CPU
		{446E4EDC-AFAC-4D6D-A021-048A4B925C1B}.Release|Any CPU.Build.0 = Release|Any CPU
		{446E4EDC-AFAC-4D6D-A021-048A4B925C1B}.Release|x64.ActiveCfg = Release|Any CPU
		{446E4EDC-AFAC-4D6D-A021-048A4B925C1B}.Release|x64.Build.0 = Release|Any CPU
		{446E4EDC-AFAC-4D6D-A021-048A4B925C1B}.Release|x86.ActiveCfg = Release|Any CPU
		{446E4EDC-AFAC-4D6D-A021-048A4B925C1B}.Release|x86.Build.0 = Release|Any CPU
		{36656EDF-4D54-43A3-A2B8-38A2A0CC8563}.Debug|Any CPU.ActiveCfg = Debug|Any CPU
		{36656EDF-4D54-43A3-A2B8-38A2A0CC8563}.Debug|Any CPU.Build.0 = Debug|Any CPU
		{36656EDF-4D54-43A3-A2B8-38A2A0CC8563}.Debug|x64.ActiveCfg = Debug|Any CPU
		{36656EDF-4D54-43A3-A2B8-38A2A0CC8563}.Debug|x64.Build.0 = Debug|Any CPU
		{36656EDF-4D54-43A3-A2B8-38A2A0CC8563}.Debug|x86.ActiveCfg = Debug|Any CPU
		{36656EDF-4D54-43A3-A2B8-38A2A0CC8563}.Debug|x86.Build.0 = Debug|Any CPU
		{36656EDF-4D54-43A3-A2B8-38A2A0CC8563}.Release|Any CPU.ActiveCfg = Release|Any CPU
		{36656EDF-4D54-43A3-A2B8-38A2A0CC8563}.Release|Any CPU.Build.0 = Release|Any CPU
		{36656EDF-4D54-43A3-A2B8-38A2A0CC8563}.Release|x64.ActiveCfg = Release|Any CPU
		{36656EDF-4D54-43A3-A2B8-38A2A0CC8563}.Release|x64.Build.0 = Release|Any CPU
		{36656EDF-4D54-43A3-A2B8-38A2A0CC8563}.Release|x86.ActiveCfg = Release|Any CPU
		{36656EDF-4D54-43A3-A2B8-38A2A0CC8563}.Release|x86.Build.0 = Release|Any CPU
		{BD9E7E25-D9DB-4C01-8402-09EE0E92C468}.Debug|Any CPU.ActiveCfg = Debug|Any CPU
		{BD9E7E25-D9DB-4C01-8402-09EE0E92C468}.Debug|Any CPU.Build.0 = Debug|Any CPU
		{BD9E7E25-D9DB-4C01-8402-09EE0E92C468}.Debug|x64.ActiveCfg = Debug|Any CPU
		{BD9E7E25-D9DB-4C01-8402-09EE0E92C468}.Debug|x64.Build.0 = Debug|Any CPU
		{BD9E7E25-D9DB-4C01-8402-09EE0E92C468}.Debug|x86.ActiveCfg = Debug|Any CPU
		{BD9E7E25-D9DB-4C01-8402-09EE0E92C468}.Debug|x86.Build.0 = Debug|Any CPU
		{BD9E7E25-D9DB-4C01-8402-09EE0E92C468}.Release|Any CPU.ActiveCfg = Release|Any CPU
		{BD9E7E25-D9DB-4C01-8402-09EE0E92C468}.Release|Any CPU.Build.0 = Release|Any CPU
		{BD9E7E25-D9DB-4C01-8402-09EE0E92C468}.Release|x64.ActiveCfg = Release|Any CPU
		{BD9E7E25-D9DB-4C01-8402-09EE0E92C468}.Release|x64.Build.0 = Release|Any CPU
		{BD9E7E25-D9DB-4C01-8402-09EE0E92C468}.Release|x86.ActiveCfg = Release|Any CPU
		{BD9E7E25-D9DB-4C01-8402-09EE0E92C468}.Release|x86.Build.0 = Release|Any CPU
	EndGlobalSection
	GlobalSection(SolutionProperties) = preSolution
		HideSolutionNode = FALSE
	EndGlobalSection
	GlobalSection(NestedProjects) = preSolution
		{F5E766DB-42AE-4C27-9F35-95DAD45544C0} = {827E0CD3-B72D-47B6-A68D-7590B98EB39B}
		{15AFB51C-C4FF-4499-97D4-19C93DDBF241} = {827E0CD3-B72D-47B6-A68D-7590B98EB39B}
		{3D144007-2D54-4211-B0AE-8AA9ADB0011C} = {827E0CD3-B72D-47B6-A68D-7590B98EB39B}
		{446E4EDC-AFAC-4D6D-A021-048A4B925C1B} = {827E0CD3-B72D-47B6-A68D-7590B98EB39B}
		{36656EDF-4D54-43A3-A2B8-38A2A0CC8563} = {827E0CD3-B72D-47B6-A68D-7590B98EB39B}
		{BD9E7E25-D9DB-4C01-8402-09EE0E92C468} = {0AB3BF05-4346-4AA6-1389-037BE0695223}
	EndGlobalSection
EndGlobal
